
Microsoft Visual Studio Solution File, Format Version 12.00
# Visual Studio Version 16
VisualStudioVersion = 16.0.28516.95
MinimumVisualStudioVersion = 10.0.40219.1
Project("{9A19103F-16F7-4668-BE54-9A1E7A4F7556}") = "NETCoreJsonMapper", "NETCoreJsonMapper\NETCoreJsonMapper.csproj", "{67558828-1990-4020-B50D-4E7CC34100FA}"
EndProject
Project("{9A19103F-16F7-4668-BE54-9A1E7A4F7556}") = "NETCoreJsonMapper.Interfaces", "NETCoreJsonMapper.Interfaces\NETCoreJsonMapper.Interfaces.csproj", "{D5D554FA-745C-437C-BF52-048A9A8D67A2}"
EndProject
Project("{9A19103F-16F7-4668-BE54-9A1E7A4F7556}") = "NETCoreJsonMapper.Commons", "NETCoreJsonMapper.Commons\NETCoreJsonMapper.Commons.csproj", "{A402E7EE-4EE4-4DB0-8AAC-EFC4F7FEA889}"
EndProject
Project("{9A19103F-16F7-4668-BE54-9A1E7A4F7556}") = "Example1", "Example1\Example1.csproj", "{3EE2D23A-7C9C-40CD-833C-259DC1DFEBEC}"
EndProject
Project("{9A19103F-16F7-4668-BE54-9A1E7A4F7556}") = "Example2", "Example2\Example2.csproj", "{5BBAB08B-2C51-4B44-8211-AF0908A7C3D7}"
EndProject
Project("{9A19103F-16F7-4668-BE54-9A1E7A4F7556}") = "Example3", "Example3\Example3.csproj", "{F545BD0B-9982-4C1F-A61B-ED6F34C87879}"
EndProject
Project("{9A19103F-16F7-4668-BE54-9A1E7A4F7556}") = "Example4", "Example4\Example4.csproj", "{217209C2-23AF-46B2-A743-6D7080785EC5}"
EndProject
Project("{9A19103F-16F7-4668-BE54-9A1E7A4F7556}") = "NETCoreJsonMapper.Extensions", "NETCoreJsonMapper.Extensions\NETCoreJsonMapper.Extensions.csproj", "{3F21F296-EFF3-41AB-8282-8BF0D787718E}"
EndProject
Project("{9A19103F-16F7-4668-BE54-9A1E7A4F7556}") = "NETCoreJsonMapper.Tests", "NETCoreJsonMapper.Tests\NETCoreJsonMapper.Tests.csproj", "{4DF94B69-4CA8-4DD4-94CE-FE2700EA6DC1}"
EndProject
Project("{9A19103F-16F7-4668-BE54-9A1E7A4F7556}") = "Example5", "Example5\Example5.csproj", "{93C80493-C6D8-473F-8BF4-C44017A414C4}"
EndProject
Project("{9A19103F-16F7-4668-BE54-9A1E7A4F7556}") = "NETCoreJsonMapper.Loggers", "NETCoreJsonMapper.Loggers\NETCoreJsonMapper.Loggers.csproj", "{2ADF6F8C-CF84-4555-B4A0-E13FD15DF142}"
EndProject
Project("{9A19103F-16F7-4668-BE54-9A1E7A4F7556}") = "TemplatesDemo", "TemplatesDemo\TemplatesDemo.csproj", "{FB25AC56-59CA-4811-B103-368E543C9523}"
EndProject
Project("{FAE04EC0-301F-11D3-BF4B-00C04F79EFBC}") = "NETCoreJsonMapper.Attributes", "NETCoreJsonMapper.Attributes\NETCoreJsonMapper.Attributes.csproj", "{9D414872-0250-4083-8945-F293BD637530}"
EndProject
Global
	GlobalSection(SolutionConfigurationPlatforms) = preSolution
		Debug|Any CPU = Debug|Any CPU
		Release|Any CPU = Release|Any CPU
	EndGlobalSection
	GlobalSection(ProjectConfigurationPlatforms) = postSolution
		{67558828-1990-4020-B50D-4E7CC34100FA}.Debug|Any CPU.ActiveCfg = Debug|Any CPU
		{67558828-1990-4020-B50D-4E7CC34100FA}.Debug|Any CPU.Build.0 = Debug|Any CPU
		{67558828-1990-4020-B50D-4E7CC34100FA}.Release|Any CPU.ActiveCfg = Release|Any CPU
		{67558828-1990-4020-B50D-4E7CC34100FA}.Release|Any CPU.Build.0 = Release|Any CPU
		{D5D554FA-745C-437C-BF52-048A9A8D67A2}.Debug|Any CPU.ActiveCfg = Debug|Any CPU
		{D5D554FA-745C-437C-BF52-048A9A8D67A2}.Debug|Any CPU.Build.0 = Debug|Any CPU
		{D5D554FA-745C-437C-BF52-048A9A8D67A2}.Release|Any CPU.ActiveCfg = Release|Any CPU
		{D5D554FA-745C-437C-BF52-048A9A8D67A2}.Release|Any CPU.Build.0 = Release|Any CPU
		{A402E7EE-4EE4-4DB0-8AAC-EFC4F7FEA889}.Debug|Any CPU.ActiveCfg = Debug|Any CPU
		{A402E7EE-4EE4-4DB0-8AAC-EFC4F7FEA889}.Debug|Any CPU.Build.0 = Debug|Any CPU
		{A402E7EE-4EE4-4DB0-8AAC-EFC4F7FEA889}.Release|Any CPU.ActiveCfg = Release|Any CPU
		{A402E7EE-4EE4-4DB0-8AAC-EFC4F7FEA889}.Release|Any CPU.Build.0 = Release|Any CPU
		{3EE2D23A-7C9C-40CD-833C-259DC1DFEBEC}.Debug|Any CPU.ActiveCfg = Debug|Any CPU
		{3EE2D23A-7C9C-40CD-833C-259DC1DFEBEC}.Debug|Any CPU.Build.0 = Debug|Any CPU
		{3EE2D23A-7C9C-40CD-833C-259DC1DFEBEC}.Release|Any CPU.ActiveCfg = Release|Any CPU
		{3EE2D23A-7C9C-40CD-833C-259DC1DFEBEC}.Release|Any CPU.Build.0 = Release|Any CPU
		{5BBAB08B-2C51-4B44-8211-AF0908A7C3D7}.Debug|Any CPU.ActiveCfg = Debug|Any CPU
		{5BBAB08B-2C51-4B44-8211-AF0908A7C3D7}.Debug|Any CPU.Build.0 = Debug|Any CPU
		{5BBAB08B-2C51-4B44-8211-AF0908A7C3D7}.Release|Any CPU.ActiveCfg = Release|Any CPU
		{5BBAB08B-2C51-4B44-8211-AF0908A7C3D7}.Release|Any CPU.Build.0 = Release|Any CPU
		{F545BD0B-9982-4C1F-A61B-ED6F34C87879}.Debug|Any CPU.ActiveCfg = Debug|Any CPU
		{F545BD0B-9982-4C1F-A61B-ED6F34C87879}.Debug|Any CPU.Build.0 = Debug|Any CPU
		{F545BD0B-9982-4C1F-A61B-ED6F34C87879}.Release|Any CPU.ActiveCfg = Release|Any CPU
		{F545BD0B-9982-4C1F-A61B-ED6F34C87879}.Release|Any CPU.Build.0 = Release|Any CPU
		{217209C2-23AF-46B2-A743-6D7080785EC5}.Debug|Any CPU.ActiveCfg = Debug|Any CPU
		{217209C2-23AF-46B2-A743-6D7080785EC5}.Debug|Any CPU.Build.0 = Debug|Any CPU
		{217209C2-23AF-46B2-A743-6D7080785EC5}.Release|Any CPU.ActiveCfg = Release|Any CPU
		{217209C2-23AF-46B2-A743-6D7080785EC5}.Release|Any CPU.Build.0 = Release|Any CPU
		{3F21F296-EFF3-41AB-8282-8BF0D787718E}.Debug|Any CPU.ActiveCfg = Debug|Any CPU
		{3F21F296-EFF3-41AB-8282-8BF0D787718E}.Debug|Any CPU.Build.0 = Debug|Any CPU
		{3F21F296-EFF3-41AB-8282-8BF0D787718E}.Release|Any CPU.ActiveCfg = Release|Any CPU
		{3F21F296-EFF3-41AB-8282-8BF0D787718E}.Release|Any CPU.Build.0 = Release|Any CPU
		{4DF94B69-4CA8-4DD4-94CE-FE2700EA6DC1}.Debug|Any CPU.ActiveCfg = Debug|Any CPU
		{4DF94B69-4CA8-4DD4-94CE-FE2700EA6DC1}.Debug|Any CPU.Build.0 = Debug|Any CPU
		{4DF94B69-4CA8-4DD4-94CE-FE2700EA6DC1}.Release|Any CPU.ActiveCfg = Release|Any CPU
		{4DF94B69-4CA8-4DD4-94CE-FE2700EA6DC1}.Release|Any CPU.Build.0 = Release|Any CPU
		{93C80493-C6D8-473F-8BF4-C44017A414C4}.Debug|Any CPU.ActiveCfg = Debug|Any CPU
		{93C80493-C6D8-473F-8BF4-C44017A414C4}.Debug|Any CPU.Build.0 = Debug|Any CPU
		{93C80493-C6D8-473F-8BF4-C44017A414C4}.Release|Any CPU.ActiveCfg = Release|Any CPU
		{93C80493-C6D8-473F-8BF4-C44017A414C4}.Release|Any CPU.Build.0 = Release|Any CPU
		{2ADF6F8C-CF84-4555-B4A0-E13FD15DF142}.Debug|Any CPU.ActiveCfg = Debug|Any CPU
		{2ADF6F8C-CF84-4555-B4A0-E13FD15DF142}.Debug|Any CPU.Build.0 = Debug|Any CPU
		{2ADF6F8C-CF84-4555-B4A0-E13FD15DF142}.Release|Any CPU.ActiveCfg = Release|Any CPU
		{2ADF6F8C-CF84-4555-B4A0-E13FD15DF142}.Release|Any CPU.Build.0 = Release|Any CPU
		{FB25AC56-59CA-4811-B103-368E543C9523}.Debug|Any CPU.ActiveCfg = Debug|Any CPU
		{FB25AC56-59CA-4811-B103-368E543C9523}.Debug|Any CPU.Build.0 = Debug|Any CPU
		{FB25AC56-59CA-4811-B103-368E543C9523}.Release|Any CPU.ActiveCfg = Release|Any CPU
		{FB25AC56-59CA-4811-B103-368E543C9523}.Release|Any CPU.Build.0 = Release|Any CPU
		{9D414872-0250-4083-8945-F293BD637530}.Debug|Any CPU.ActiveCfg = Debug|Any CPU
		{9D414872-0250-4083-8945-F293BD637530}.Debug|Any CPU.Build.0 = Debug|Any CPU
		{9D414872-0250-4083-8945-F293BD637530}.Release|Any CPU.ActiveCfg = Release|Any CPU
		{9D414872-0250-4083-8945-F293BD637530}.Release|Any CPU.Build.0 = Release|Any CPU
	EndGlobalSection
	GlobalSection(SolutionProperties) = preSolution
		HideSolutionNode = FALSE
	EndGlobalSection
	GlobalSection(ExtensibilityGlobals) = postSolution
		SolutionGuid = {124FF161-F53A-4A6A-8153-D2FA3C33F145}
	EndGlobalSection
EndGlobal
